
Microsoft Visual Studio Solution File, Format Version 12.00
# Visual Studio 15
VisualStudioVersion = 15.0.27703.2000
MinimumVisualStudioVersion = 10.0.40219.1
Project("{9A19103F-16F7-4668-BE54-9A1E7A4F7556}") = "guac-storage", "guac-storage.csproj", "{D81D16FF-9136-4FAC-92C6-095E76EC4670}"
EndProject
Global
	GlobalSection(SolutionConfigurationPlatforms) = preSolution
		Debug|Any CPU = Debug|Any CPU
		Release|Any CPU = Release|Any CPU
	EndGlobalSection
	GlobalSection(ProjectConfigurationPlatforms) = postSolution
		{D81D16FF-9136-4FAC-92C6-095E76EC4670}.Debug|Any CPU.ActiveCfg = Debug|Any CPU
		{D81D16FF-9136-4FAC-92C6-095E76EC4670}.Debug|Any CPU.Build.0 = Debug|Any CPU
		{D81D16FF-9136-4FAC-92C6-095E76EC4670}.Release|Any CPU.ActiveCfg = Release|Any CPU
		{D81D16FF-9136-4FAC-92C6-095E76EC4670}.Release|Any CPU.Build.0 = Release|Any CPU
	EndGlobalSection
	GlobalSection(SolutionProperties) = preSolution
		HideSolutionNode = FALSE
	EndGlobalSection
	GlobalSection(ExtensibilityGlobals) = postSolution
		SolutionGuid = {59877F73-8440-4EFE-A50F-E25FAAB5C4CB}
	EndGlobalSection
EndGlobal
